
Microsoft Visual Studio Solution File, Format Version 12.00
# Visual Studio 14
VisualStudioVersion = 14.0.25123.0
MinimumVisualStudioVersion = 10.0.40219.1
Project("{FAE04EC0-301F-11D3-BF4B-00C04F79EFBC}") = "CCT_App", "CCT_App\CCT_App.csproj", "{47DF568B-4E41-4398-BD88-B6BAB507334A}"
EndProject
Project("{FAE04EC0-301F-11D3-BF4B-00C04F79EFBC}") = "CCT_App.Tests", "CCT_App.Tests\CCT_App.Tests.csproj", "{323C6615-95F3-4134-913D-C9B5875ABD27}"
EndProject
Global
	GlobalSection(SolutionConfigurationPlatforms) = preSolution
		Debug|Any CPU = Debug|Any CPU
		Release|Any CPU = Release|Any CPU
	EndGlobalSection
	GlobalSection(ProjectConfigurationPlatforms) = postSolution
		{47DF568B-4E41-4398-BD88-B6BAB507334A}.Debug|Any CPU.ActiveCfg = Debug|Any CPU
		{47DF568B-4E41-4398-BD88-B6BAB507334A}.Debug|Any CPU.Build.0 = Debug|Any CPU
		{47DF568B-4E41-4398-BD88-B6BAB507334A}.Release|Any CPU.ActiveCfg = Release|Any CPU
		{47DF568B-4E41-4398-BD88-B6BAB507334A}.Release|Any CPU.Build.0 = Release|Any CPU
		{323C6615-95F3-4134-913D-C9B5875ABD27}.Debug|Any CPU.ActiveCfg = Debug|Any CPU
		{323C6615-95F3-4134-913D-C9B5875ABD27}.Debug|Any CPU.Build.0 = Debug|Any CPU
		{323C6615-95F3-4134-913D-C9B5875ABD27}.Release|Any CPU.ActiveCfg = Release|Any CPU
		{323C6615-95F3-4134-913D-C9B5875ABD27}.Release|Any CPU.Build.0 = Release|Any CPU
	EndGlobalSection
	GlobalSection(SolutionProperties) = preSolution
		HideSolutionNode = FALSE
	EndGlobalSection
EndGlobal
