
Microsoft Visual Studio Solution File, Format Version 12.00
# Visual Studio Version 16
VisualStudioVersion = 16.0.30804.86
MinimumVisualStudioVersion = 10.0.40219.1
Project("{FAE04EC0-301F-11D3-BF4B-00C04F79EFBC}") = "Gordon360", "Gordon360\Gordon360.csproj", "{47DF568B-4E41-4398-BD88-B6BAB507334A}"
EndProject
Project("{2150E333-8FDC-42A3-9474-1A3956D46DE8}") = "Solution Items", "Solution Items", "{F6C113A3-839E-41C8-9798-97B6EEEA4392}"
	ProjectSection(SolutionItems) = preProject
		.editorconfig = .editorconfig
	EndProjectSection
EndProject
Global
	GlobalSection(SolutionConfigurationPlatforms) = preSolution
		Debug|Any CPU = Debug|Any CPU
		Gordon360|Any CPU = Gordon360|Any CPU
		Release|Any CPU = Release|Any CPU
	EndGlobalSection
	GlobalSection(ProjectConfigurationPlatforms) = postSolution
		{47DF568B-4E41-4398-BD88-B6BAB507334A}.Debug|Any CPU.ActiveCfg = Debug|Any CPU
		{47DF568B-4E41-4398-BD88-B6BAB507334A}.Debug|Any CPU.Build.0 = Debug|Any CPU
		{47DF568B-4E41-4398-BD88-B6BAB507334A}.Gordon360|Any CPU.ActiveCfg = Release|Any CPU
		{47DF568B-4E41-4398-BD88-B6BAB507334A}.Gordon360|Any CPU.Build.0 = Release|Any CPU
		{47DF568B-4E41-4398-BD88-B6BAB507334A}.Gordon360|Any CPU.Deploy.0 = Release|Any CPU
		{47DF568B-4E41-4398-BD88-B6BAB507334A}.Release|Any CPU.ActiveCfg = Debug|Any CPU
		{47DF568B-4E41-4398-BD88-B6BAB507334A}.Release|Any CPU.Build.0 = Debug|Any CPU
	EndGlobalSection
	GlobalSection(SolutionProperties) = preSolution
		HideSolutionNode = FALSE
	EndGlobalSection
	GlobalSection(ExtensibilityGlobals) = postSolution
		SolutionGuid = {6FBCA4AB-4DC3-4BF5-956A-44010A43E700}
	EndGlobalSection
EndGlobal
