{
  "version": 1,
  "dependencies": {
    "net8.0": {
      "Microsoft.AspNetCore.Authentication.Negotiate": {
        "type": "Direct",
        "requested": "[8.0.0, )",
        "resolved": "8.0.0",
        "contentHash": "/PM57IoV+OtSCGAGTuGbn8v/536jwWEX9SA3FvGhNCO4/EH/eRmdYObaFDyNtatCY8lbidrMRpGzYno3OXPRNA==",
        "dependencies": {
          "Microsoft.AspNetCore.Connections.Abstractions": "8.0.0",
          "Microsoft.Extensions.Caching.Memory": "8.0.0",
          "System.DirectoryServices.Protocols": "8.0.0"
        }
      },
      "Microsoft.AspNetCore.Mvc.NewtonsoftJson": {
        "type": "Direct",
        "requested": "[8.0.0, )",
        "resolved": "8.0.0",
        "contentHash": "/e5+eBvY759xiZJO+y1lHi4VzXqbDzTJSyCtKpaj3Ko2JAFQjiCOJ0ZHk2i4g4HpoSdXmzEXQsjr6dUX9U0/JA==",
        "dependencies": {
          "Microsoft.AspNetCore.JsonPatch": "8.0.0",
          "Newtonsoft.Json": "13.0.3",
          "Newtonsoft.Json.Bson": "1.0.2"
        }
      },
      "Microsoft.EntityFrameworkCore": {
        "type": "Direct",
        "requested": "[8.0.0, )",
        "resolved": "8.0.0",
        "contentHash": "SoODat83pGQUpWB9xULdMX6tuKpq/RTXDuJ2WeC1ldUKcKzLkaFJD1n+I0nOLY58odez/e7z8b6zdp235G/kyg==",
        "dependencies": {
          "Microsoft.EntityFrameworkCore.Abstractions": "8.0.0",
          "Microsoft.EntityFrameworkCore.Analyzers": "8.0.0",
          "Microsoft.Extensions.Caching.Memory": "8.0.0",
          "Microsoft.Extensions.Logging": "8.0.0"
        }
      },
      "Microsoft.EntityFrameworkCore.SqlServer": {
        "type": "Direct",
        "requested": "[8.0.0, )",
        "resolved": "8.0.0",
        "contentHash": "GeOmafQn64HyQtYcI/Omv/D/YVHd1zEkWbP3zNQu4oC+usE9K0qOp0R8KgWWFEf8BU4tXuYbok40W0SjfbaK/A==",
        "dependencies": {
          "Microsoft.Data.SqlClient": "5.1.1",
          "Microsoft.EntityFrameworkCore.Relational": "8.0.0"
        }
      },
      "Microsoft.Graph": {
        "type": "Direct",
        "requested": "[4.27.0, )",
        "resolved": "4.27.0",
        "contentHash": "L+gs1JNZarXnwNxqv2YnH2g6hQ0RtlHRQYgKdGNigzGjK+1otherRRwDRr/N3CZ5exvOKdGX/BZDfyUOPEI+2Q==",
        "dependencies": {
          "Microsoft.Graph.Core": "2.0.8"
        }
      },
      "Microsoft.Identity.Web": {
        "type": "Direct",
        "requested": "[1.23.1, )",
        "resolved": "1.23.1",
        "contentHash": "deU2OU49D9CvjOYNLnejQuidn4QUr60z3W7Wux0kxHPiMGuXmg9jnkkRQvE1G/hMgo/+/wXOeZLCNSihS/M4xQ==",
        "dependencies": {
          "Microsoft.AspNetCore.Authentication.JwtBearer": "5.0.12",
          "Microsoft.AspNetCore.Authentication.OpenIdConnect": "5.0.12",
          "Microsoft.Identity.Web.Certificate": "1.23.1",
          "Microsoft.Identity.Web.TokenCache": "1.23.1",
          "Microsoft.IdentityModel.Logging": "6.16.0",
          "Microsoft.IdentityModel.Protocols.OpenIdConnect": "6.16.0",
          "Microsoft.IdentityModel.Validators": "6.16.0",
          "System.IdentityModel.Tokens.Jwt": "6.16.0",
          "System.Text.Encodings.Web": "5.0.1"
        }
      },
      "Newtonsoft.Json": {
        "type": "Direct",
        "requested": "[13.0.3, )",
        "resolved": "13.0.3",
        "contentHash": "HrC5BXdl00IP9zeV+0Z848QWPAoCr9P3bDEZguI+gkLcBKAOxix/tLEAAHC+UvDNPv4a2d18lOReHMOagPa+zQ=="
      },
      "Serilog": {
        "type": "Direct",
        "requested": "[3.1.1, )",
        "resolved": "3.1.1",
        "contentHash": "P6G4/4Kt9bT635bhuwdXlJ2SCqqn2nhh4gqFqQueCOr9bK/e7W9ll/IoX1Ter948cV2Z/5+5v8pAfJYUISY03A=="
      },
      "Serilog.AspNetCore": {
        "type": "Direct",
        "requested": "[8.0.1, )",
        "resolved": "8.0.1",
        "contentHash": "B/X+wAfS7yWLVOTD83B+Ip9yl4MkhioaXj90JSoWi1Ayi8XHepEnsBdrkojg08eodCnmOKmShFUN2GgEc6c0CQ==",
        "dependencies": {
          "Microsoft.Extensions.DependencyInjection": "8.0.0",
          "Microsoft.Extensions.Logging": "8.0.0",
          "Serilog": "3.1.1",
          "Serilog.Extensions.Hosting": "8.0.0",
          "Serilog.Extensions.Logging": "8.0.0",
          "Serilog.Formatting.Compact": "2.0.0",
          "Serilog.Settings.Configuration": "8.0.0",
          "Serilog.Sinks.Console": "5.0.0",
          "Serilog.Sinks.Debug": "2.0.0",
          "Serilog.Sinks.File": "5.0.0"
        }
      },
      "Serilog.Formatting.Compact": {
        "type": "Direct",
        "requested": "[2.0.0, )",
        "resolved": "2.0.0",
        "contentHash": "ob6z3ikzFM3D1xalhFuBIK1IOWf+XrQq+H4KeH4VqBcPpNcmUgZlRQ2h3Q7wvthpdZBBoY86qZOI2LCXNaLlNA==",
        "dependencies": {
          "Serilog": "3.1.0"
        }
      },
      "Serilog.Sinks.Async": {
        "type": "Direct",
        "requested": "[1.5.0, )",
        "resolved": "1.5.0",
        "contentHash": "csHYIqAwI4Gy9oAhXYRwxGrQEAtBg3Ep7WaCzsnA1cZuBZjVAU0n7hWaJhItjO7hbLHh/9gRVxALCUB4Dv+gZw==",
        "dependencies": {
          "Serilog": "2.9.0"
        }
      },
      "Serilog.Sinks.Console": {
        "type": "Direct",
        "requested": "[5.0.1, )",
        "resolved": "5.0.1",
        "contentHash": "6Jt8jl9y2ey8VV7nVEUAyjjyxjAQuvd5+qj4XYAT9CwcsvR70HHULGBeD+K2WCALFXf7CFsNQT4lON6qXcu2AA==",
        "dependencies": {
          "Serilog": "3.1.1"
        }
      },
      "Serilog.Sinks.File": {
        "type": "Direct",
        "requested": "[5.0.0, )",
        "resolved": "5.0.0",
        "contentHash": "uwV5hdhWPwUH1szhO8PJpFiahqXmzPzJT/sOijH/kFgUx+cyoDTMM8MHD0adw9+Iem6itoibbUXHYslzXsLEAg==",
        "dependencies": {
          "Serilog": "2.10.0"
        }
      },
      "Swashbuckle.AspNetCore": {
        "type": "Direct",
        "requested": "[6.3.0, )",
        "resolved": "6.3.0",
        "contentHash": "3TAV6JqsJF2F5e5d/tiQuW/TlzKXB/n2IcL5QR1FP8ArmLhmPkpeHiLZ3+1YnJ5840/X5ApvpRRJpM9809IjTg==",
        "dependencies": {
          "Microsoft.Extensions.ApiDescription.Server": "3.0.0",
          "Swashbuckle.AspNetCore.Swagger": "6.3.0",
          "Swashbuckle.AspNetCore.SwaggerGen": "6.3.0",
          "Swashbuckle.AspNetCore.SwaggerUI": "6.3.0"
        }
      },
      "System.DirectoryServices.AccountManagement": {
        "type": "Direct",
        "requested": "[8.0.0, )",
        "resolved": "8.0.0",
        "contentHash": "dCT8BYeeisx0IzAf6x+FSVWK3gz2fKI9pgLV16c7dY/lckw4aodNrgXqsFqyqJN5Kfxc3oklG+SCMYkRfg1V7A==",
        "dependencies": {
          "System.Configuration.ConfigurationManager": "8.0.0",
          "System.DirectoryServices": "8.0.0",
          "System.DirectoryServices.Protocols": "8.0.0"
        }
      },
      "Azure.Core": {
        "type": "Transitive",
        "resolved": "1.25.0",
        "contentHash": "X8Dd4sAggS84KScWIjEbFAdt2U1KDolQopTPoHVubG2y3CM54f9l6asVrP5Uy384NWXjsspPYaJgz5xHc+KvTA==",
        "dependencies": {
          "Microsoft.Bcl.AsyncInterfaces": "1.1.1",
          "System.Diagnostics.DiagnosticSource": "4.6.0",
          "System.Memory.Data": "1.0.2",
          "System.Numerics.Vectors": "4.5.0",
          "System.Text.Encodings.Web": "4.7.2",
          "System.Text.Json": "4.7.2",
          "System.Threading.Tasks.Extensions": "4.5.4"
        }
      },
      "Azure.Identity": {
        "type": "Transitive",
        "resolved": "1.7.0",
        "contentHash": "eHEiCO/8+MfNc9nH5dVew/+FvxdaGrkRL4OMNwIz0W79+wtJyEoeRlXJ3SrXhoy9XR58geBYKmzMR83VO7bcAw==",
        "dependencies": {
          "Azure.Core": "1.25.0",
          "Microsoft.Identity.Client": "4.39.0",
          "Microsoft.Identity.Client.Extensions.Msal": "2.19.3",
          "System.Memory": "4.5.4",
          "System.Security.Cryptography.ProtectedData": "4.7.0",
          "System.Text.Json": "4.7.2",
          "System.Threading.Tasks.Extensions": "4.5.4"
        }
      },
      "Azure.Security.KeyVault.Certificates": {
        "type": "Transitive",
        "resolved": "4.1.0",
        "contentHash": "I+irkjO1JBzJWYBLhW835/b7GllxkjMbQwrirhxUJsf6FQnH+eIGin4T/jBLgyuu1zPsn2AxiUFju6Shb/uiNA==",
        "dependencies": {
          "Azure.Core": "1.0.2",
          "System.Memory": "4.5.3",
          "System.Text.Json": "4.6.0",
          "System.Threading.Tasks.Extensions": "4.5.2"
        }
      },
      "Azure.Security.KeyVault.Secrets": {
        "type": "Transitive",
        "resolved": "4.1.0",
        "contentHash": "SK4XTPEaXI5UTdtSkr8TN4ZKnvazNHhybnnkxHgOyRAhV9ObcIjbrNlhS4ZeR8XtI+HidL+v/WIIVfR1+jKB8Q==",
        "dependencies": {
          "Azure.Core": "1.0.2",
          "System.Memory": "4.5.3",
          "System.Text.Json": "4.6.0",
          "System.Threading.Tasks.Extensions": "4.5.2"
        }
      },
      "Microsoft.AspNetCore.Authentication.JwtBearer": {
        "type": "Transitive",
        "resolved": "5.0.12",
        "contentHash": "3JwsAApGFKFBVvlV8vMNdF04Mb8zPuHT5q8sunwNTbaN4JtjXLVGKAyUCy+I1JeqP+3EKfZxe3wMj4fVEOLKlA==",
        "dependencies": {
          "Microsoft.IdentityModel.Protocols.OpenIdConnect": "6.7.1"
        }
      },
      "Microsoft.AspNetCore.Authentication.OpenIdConnect": {
        "type": "Transitive",
        "resolved": "5.0.12",
        "contentHash": "YtPrKHTie1TZeqnlbIKAEU51alFD+SCvTIu2L2no+UGStU5RzEqRuJvVfe+aP9tSrJE+Wyy+YdUqZLtA9QfkHg==",
        "dependencies": {
          "Microsoft.IdentityModel.Protocols.OpenIdConnect": "6.7.1"
        }
      },
      "Microsoft.AspNetCore.Connections.Abstractions": {
        "type": "Transitive",
        "resolved": "8.0.0",
        "contentHash": "WgJE2+VyA0RW4yl+hgfrB7r4CSGcLzAvcVo31swukjXHZvBAjMilyG/pRJ8kroOO1h7sGf4r91Wii2L9gCMNfA==",
        "dependencies": {
          "Microsoft.Extensions.Features": "8.0.0",
          "System.IO.Pipelines": "8.0.0"
        }
      },
      "Microsoft.AspNetCore.Cryptography.Internal": {
        "type": "Transitive",
        "resolved": "5.0.8",
        "contentHash": "giHheyNLOb+cAHpb8b0GhaS0xJ+hAIIDSyWPe5aOPwpgctsjOPRKFyn/268xv+zBVuEtyRJJEnBUlkOVzyIpZA=="
      },
      "Microsoft.AspNetCore.DataProtection": {
        "type": "Transitive",
        "resolved": "5.0.8",
        "contentHash": "wCMdfuKA+ePcB4nEDau5tNhhhC5NFa2LEXoRhk2Xaot13FFlyKA4t5UzIyV/OnAfB/bqbAIvChJD+biWY7u5SA==",
        "dependencies": {
          "Microsoft.AspNetCore.Cryptography.Internal": "5.0.8",
          "Microsoft.AspNetCore.DataProtection.Abstractions": "5.0.8",
          "Microsoft.Extensions.DependencyInjection.Abstractions": "5.0.0",
          "Microsoft.Extensions.Hosting.Abstractions": "5.0.0",
          "Microsoft.Extensions.Logging.Abstractions": "5.0.0",
          "Microsoft.Extensions.Options": "5.0.0",
          "Microsoft.Win32.Registry": "5.0.0",
          "System.Security.Cryptography.Xml": "5.0.0"
        }
      },
      "Microsoft.AspNetCore.DataProtection.Abstractions": {
        "type": "Transitive",
        "resolved": "5.0.8",
        "contentHash": "ZI9S2NGjuOKXN3PxJcF8EKVwd1cqpWyUSqiVoH8gqq5tlHaXULwPmoR0DBOFON4sEFETRWI69f5RQ3tJWw205A=="
      },
      "Microsoft.AspNetCore.JsonPatch": {
        "type": "Transitive",
        "resolved": "8.0.0",
        "contentHash": "klQdb/9+j0u8MDjoqHEgDCPz8GRhfsbRVvZIM3glFqjs8uY7S1hS9RvKZuz8o4dS9NsEpFp4Jccd8CQuIYHK0g==",
        "dependencies": {
          "Microsoft.CSharp": "4.7.0",
          "Newtonsoft.Json": "13.0.3"
        }
      },
      "Microsoft.Bcl.AsyncInterfaces": {
        "type": "Transitive",
        "resolved": "1.1.1",
        "contentHash": "yuvf07qFWFqtK3P/MRkEKLhn5r2UbSpVueRziSqj0yJQIKFwG1pq9mOayK3zE5qZCTs0CbrwL9M6R8VwqyGy2w=="
      },
      "Microsoft.CSharp": {
        "type": "Transitive",
        "resolved": "4.7.0",
        "contentHash": "pTj+D3uJWyN3My70i2Hqo+OXixq3Os2D1nJ2x92FFo6sk8fYS1m1WLNTs0Dc1uPaViH0YvEEwvzddQ7y4rhXmA=="
      },
      "Microsoft.Data.SqlClient": {
        "type": "Transitive",
        "resolved": "5.1.1",
        "contentHash": "MW5E9HFvCaV069o8b6YpuRDPBux8s96qDnOJ+4N9QNUCs7c5W3KxwQ+ftpAjbMUlImL+c9WR+l+f5hzjkqhu2g==",
        "dependencies": {
          "Azure.Identity": "1.7.0",
          "Microsoft.Data.SqlClient.SNI.runtime": "5.1.0",
          "Microsoft.Identity.Client": "4.47.2",
          "Microsoft.IdentityModel.JsonWebTokens": "6.24.0",
          "Microsoft.IdentityModel.Protocols.OpenIdConnect": "6.24.0",
          "Microsoft.SqlServer.Server": "1.0.0",
          "System.Configuration.ConfigurationManager": "6.0.1",
          "System.Diagnostics.DiagnosticSource": "6.0.0",
          "System.Runtime.Caching": "6.0.0",
          "System.Security.Cryptography.Cng": "5.0.0",
          "System.Security.Principal.Windows": "5.0.0",
          "System.Text.Encoding.CodePages": "6.0.0",
          "System.Text.Encodings.Web": "6.0.0"
        }
      },
      "Microsoft.Data.SqlClient.SNI.runtime": {
        "type": "Transitive",
        "resolved": "5.1.0",
        "contentHash": "jVsElisM5sfBzaaV9kdq2NXZLwIbytetnsOIlJ0cQGgQP4zFNBmkfHBnpwtmKrtBJBEV9+9PVQPVrcCVhDgcIg=="
      },
      "Microsoft.EntityFrameworkCore.Abstractions": {
        "type": "Transitive",
        "resolved": "8.0.0",
        "contentHash": "VR22s3+zoqlVI7xauFKn1znSIFHO8xuILT+noSwS8bZCKcHz0ydkTDQMuaxSa5WBaQrZmwtTz9rmRvJ7X8mSPQ=="
      },
      "Microsoft.EntityFrameworkCore.Analyzers": {
        "type": "Transitive",
        "resolved": "8.0.0",
        "contentHash": "ZXxEeLs2zoZ1TA+QoMMcw4f3Tirf8PzgdDax8RoWo0dxI2KmqiEGWYjhm2B/XyWfglc6+mNRyB8rZiQSmxCpeg=="
      },
      "Microsoft.EntityFrameworkCore.Relational": {
        "type": "Transitive",
        "resolved": "8.0.0",
        "contentHash": "fFKkr24cYc7Zw5T6DC4tEyOEPgPbq23BBmym1r9kn4ET9F3HKaetpOeQtV2RryYyUxEeNkJuxgfiZHTisqZc+A==",
        "dependencies": {
          "Microsoft.EntityFrameworkCore": "8.0.0",
          "Microsoft.Extensions.Configuration.Abstractions": "8.0.0"
        }
      },
      "Microsoft.Extensions.ApiDescription.Server": {
        "type": "Transitive",
        "resolved": "3.0.0",
        "contentHash": "LH4OE/76F6sOCslif7+Xh3fS/wUUrE5ryeXAMcoCnuwOQGT5Smw0p57IgDh/pHgHaGz/e+AmEQb7pRgb++wt0w=="
      },
      "Microsoft.Extensions.Caching.Abstractions": {
        "type": "Transitive",
        "resolved": "8.0.0",
        "contentHash": "3KuSxeHoNYdxVYfg2IRZCThcrlJ1XJqIXkAWikCsbm5C/bCjv7G0WoKDyuR98Q+T607QT2Zl5GsbGRkENcV2yQ==",
        "dependencies": {
          "Microsoft.Extensions.Primitives": "8.0.0"
        }
      },
      "Microsoft.Extensions.Caching.Memory": {
        "type": "Transitive",
        "resolved": "8.0.0",
        "contentHash": "7pqivmrZDzo1ADPkRwjy+8jtRKWRCPag9qPI+p7sgu7Q4QreWhcvbiWXsbhP+yY8XSiDvZpu2/LWdBv7PnmOpQ==",
        "dependencies": {
          "Microsoft.Extensions.Caching.Abstractions": "8.0.0",
          "Microsoft.Extensions.DependencyInjection.Abstractions": "8.0.0",
          "Microsoft.Extensions.Logging.Abstractions": "8.0.0",
          "Microsoft.Extensions.Options": "8.0.0",
          "Microsoft.Extensions.Primitives": "8.0.0"
        }
      },
      "Microsoft.Extensions.Configuration.Abstractions": {
        "type": "Transitive",
        "resolved": "8.0.0",
        "contentHash": "3lE/iLSutpgX1CC0NOW70FJoGARRHbyKmG7dc0klnUZ9Dd9hS6N/POPWhKhMLCEuNN5nXEY5agmlFtH562vqhQ==",
        "dependencies": {
          "Microsoft.Extensions.Primitives": "8.0.0"
        }
      },
      "Microsoft.Extensions.Configuration.Binder": {
        "type": "Transitive",
        "resolved": "8.0.0",
        "contentHash": "mBMoXLsr5s1y2zOHWmKsE9veDcx8h1x/c3rz4baEdQKTeDcmQAPNbB54Pi/lhFO3K431eEq6PFbMgLaa6PHFfA==",
        "dependencies": {
          "Microsoft.Extensions.Configuration.Abstractions": "8.0.0"
        }
      },
      "Microsoft.Extensions.DependencyInjection": {
        "type": "Transitive",
        "resolved": "8.0.0",
        "contentHash": "V8S3bsm50ig6JSyrbcJJ8bW2b9QLGouz+G1miK3UTaOWmMtFwNNNzUf4AleyDWUmTrWMLNnFSLEQtxmxgNQnNQ==",
        "dependencies": {
          "Microsoft.Extensions.DependencyInjection.Abstractions": "8.0.0"
        }
      },
      "Microsoft.Extensions.DependencyInjection.Abstractions": {
        "type": "Transitive",
        "resolved": "8.0.0",
        "contentHash": "cjWrLkJXK0rs4zofsK4bSdg+jhDLTaxrkXu4gS6Y7MAlCvRyNNgwY/lJi5RDlQOnSZweHqoyvgvbdvQsRIW+hg=="
      },
      "Microsoft.Extensions.DependencyModel": {
        "type": "Transitive",
        "resolved": "8.0.0",
        "contentHash": "NSmDw3K0ozNDgShSIpsZcbFIzBX4w28nDag+TfaQujkXGazBm+lid5onlWoCBy4VsLxqnnKjEBbGSJVWJMf43g==",
        "dependencies": {
          "System.Text.Encodings.Web": "8.0.0",
          "System.Text.Json": "8.0.0"
        }
      },
      "Microsoft.Extensions.Diagnostics.Abstractions": {
        "type": "Transitive",
        "resolved": "8.0.0",
        "contentHash": "JHYCQG7HmugNYUhOl368g+NMxYE/N/AiclCYRNlgCY9eVyiBkOHMwK4x60RYMxv9EL3+rmj1mqHvdCiPpC+D4Q==",
        "dependencies": {
          "Microsoft.Extensions.DependencyInjection.Abstractions": "8.0.0",
          "Microsoft.Extensions.Options": "8.0.0",
          "System.Diagnostics.DiagnosticSource": "8.0.0"
        }
      },
      "Microsoft.Extensions.Features": {
        "type": "Transitive",
        "resolved": "8.0.0",
        "contentHash": "fxj+P9aIbTLtguFwiNqBtGNl4ZU/2Aggwj4/Ruf3qFaiBk7r1t8KnyJ+bEIK5emMyGSszTndwnP/g+gBEP9zLA=="
      },
      "Microsoft.Extensions.FileProviders.Abstractions": {
        "type": "Transitive",
        "resolved": "8.0.0",
        "contentHash": "ZbaMlhJlpisjuWbvXr4LdAst/1XxH3vZ6A0BsgTphZ2L4PGuxRLz7Jr/S7mkAAnOn78Vu0fKhEgNF5JO3zfjqQ==",
        "dependencies": {
          "Microsoft.Extensions.Primitives": "8.0.0"
        }
      },
      "Microsoft.Extensions.Hosting.Abstractions": {
        "type": "Transitive",
        "resolved": "8.0.0",
        "contentHash": "AG7HWwVRdCHlaA++1oKDxLsXIBxmDpMPb3VoyOoAghEWnkUvEAdYQUwnV4jJbAaa/nMYNiEh5ByoLauZBEiovg==",
        "dependencies": {
          "Microsoft.Extensions.Configuration.Abstractions": "8.0.0",
          "Microsoft.Extensions.DependencyInjection.Abstractions": "8.0.0",
          "Microsoft.Extensions.Diagnostics.Abstractions": "8.0.0",
          "Microsoft.Extensions.FileProviders.Abstractions": "8.0.0",
          "Microsoft.Extensions.Logging.Abstractions": "8.0.0"
        }
      },
      "Microsoft.Extensions.Logging": {
        "type": "Transitive",
        "resolved": "8.0.0",
        "contentHash": "tvRkov9tAJ3xP51LCv3FJ2zINmv1P8Hi8lhhtcKGqM+ImiTCC84uOPEI4z8Cdq2C3o9e+Aa0Gw0rmrsJD77W+w==",
        "dependencies": {
          "Microsoft.Extensions.DependencyInjection": "8.0.0",
          "Microsoft.Extensions.Logging.Abstractions": "8.0.0",
          "Microsoft.Extensions.Options": "8.0.0"
        }
      },
      "Microsoft.Extensions.Logging.Abstractions": {
        "type": "Transitive",
        "resolved": "8.0.0",
        "contentHash": "arDBqTgFCyS0EvRV7O3MZturChstm50OJ0y9bDJvAcmEPJm0FFpFyjU/JLYyStNGGey081DvnQYlncNX5SJJGA==",
        "dependencies": {
          "Microsoft.Extensions.DependencyInjection.Abstractions": "8.0.0"
        }
      },
      "Microsoft.Extensions.Options": {
        "type": "Transitive",
        "resolved": "8.0.0",
        "contentHash": "JOVOfqpnqlVLUzINQ2fox8evY2SKLYJ3BV8QDe/Jyp21u1T7r45x/R/5QdteURMR5r01GxeJSBBUOCOyaNXA3g==",
        "dependencies": {
          "Microsoft.Extensions.DependencyInjection.Abstractions": "8.0.0",
          "Microsoft.Extensions.Primitives": "8.0.0"
        }
      },
      "Microsoft.Extensions.Primitives": {
        "type": "Transitive",
        "resolved": "8.0.0",
        "contentHash": "bXJEZrW9ny8vjMF1JV253WeLhpEVzFo1lyaZu1vQ4ZxWUlVvknZ/+ftFgVheLubb4eZPSwwxBeqS1JkCOjxd8g=="
      },
      "Microsoft.Graph.Core": {
        "type": "Transitive",
        "resolved": "2.0.8",
        "contentHash": "CcsCgY1O+LQaKMJkQCpVZPmK6uiFFUu49MwqTxoTBYtFG2/NwyGAIpla5gct8jWlS0DBKXWAyRlIzKt/6UGIDQ==",
        "dependencies": {
          "Azure.Core": "1.22.0",
          "Microsoft.Identity.Client": "4.41.0",
          "Microsoft.IdentityModel.Protocols.OpenIdConnect": "6.15.1",
          "System.Diagnostics.DiagnosticSource": "4.7.1",
          "System.Security.Claims": "4.3.0",
          "System.Text.Json": "6.0.2"
        }
      },
      "Microsoft.Identity.Client": {
        "type": "Transitive",
        "resolved": "4.47.2",
        "contentHash": "SPgesZRbXoDxg8Vv7k5Ou0ee7uupVw0E8ZCc4GKw25HANRLz1d5OSr0fvTVQRnEswo5Obk8qD4LOapYB+n5kzQ==",
        "dependencies": {
          "Microsoft.IdentityModel.Abstractions": "6.22.0"
        }
      },
      "Microsoft.Identity.Client.Extensions.Msal": {
        "type": "Transitive",
        "resolved": "2.19.3",
        "contentHash": "zVVZjn8aW7W79rC1crioDgdOwaFTQorsSO6RgVlDDjc7MvbEGz071wSNrjVhzR0CdQn6Sefx7Abf1o7vasmrLg==",
        "dependencies": {
          "Microsoft.Identity.Client": "4.38.0",
          "System.Security.Cryptography.ProtectedData": "4.5.0"
        }
      },
      "Microsoft.Identity.Web.Certificate": {
        "type": "Transitive",
        "resolved": "1.23.1",
        "contentHash": "MNN05HUCverq+OzzhOXsIkFOi2e0T1Ua0fdg0SA6+i4X9T3iA/Pya/Jeo22p1mSwoYYtOAzk9eC9tp7oo9Stng==",
        "dependencies": {
          "Azure.Identity": "1.3.0",
          "Azure.Security.KeyVault.Certificates": "4.1.0",
          "Azure.Security.KeyVault.Secrets": "4.1.0",
          "System.Text.Encodings.Web": "4.7.2"
        }
      },
      "Microsoft.Identity.Web.TokenCache": {
        "type": "Transitive",
        "resolved": "1.23.1",
        "contentHash": "fU85i6XDUXL/z6B+pTmNZbof0hL9Jkgsi6GWpQEWjL7Ek0GH0A8btxbqzojPCRdGN7EK/vyEVu5Smy9/spZj2g==",
        "dependencies": {
          "Microsoft.AspNetCore.DataProtection": "5.0.8",
          "Microsoft.Extensions.Caching.Memory": "5.0.0",
          "Microsoft.Extensions.Logging": "5.0.0",
          "Microsoft.Identity.Client": "4.42.0",
          "System.Text.Encodings.Web": "5.0.1"
        }
      },
      "Microsoft.IdentityModel.Abstractions": {
        "type": "Transitive",
        "resolved": "6.24.0",
        "contentHash": "X6aBK56Ot15qKyG7X37KsPnrwah+Ka55NJWPppWVTDi8xWq7CJgeNw2XyaeHgE1o/mW4THwoabZkBbeG2TPBiw=="
      },
      "Microsoft.IdentityModel.JsonWebTokens": {
        "type": "Transitive",
        "resolved": "6.24.0",
        "contentHash": "XDWrkThcxfuWp79AvAtg5f+uRS1BxkIbJnsG/e8VPzOWkYYuDg33emLjp5EWcwXYYIDsHnVZD/00kM/PYFQc/g==",
        "dependencies": {
          "Microsoft.IdentityModel.Tokens": "6.24.0",
          "System.Text.Encoding": "4.3.0",
          "System.Text.Json": "4.7.2"
        }
      },
      "Microsoft.IdentityModel.Logging": {
        "type": "Transitive",
        "resolved": "6.24.0",
        "contentHash": "qLYWDOowM/zghmYKXw1yfYKlHOdS41i8t4hVXr9bSI90zHqhyhQh9GwVy8pENzs5wHeytU23DymluC9NtgYv7w==",
        "dependencies": {
          "Microsoft.IdentityModel.Abstractions": "6.24.0"
        }
      },
      "Microsoft.IdentityModel.Protocols": {
        "type": "Transitive",
        "resolved": "6.24.0",
        "contentHash": "+NzKCkvsQ8X1r/Ff74V7CFr9OsdMRaB6DsV+qpH7NNLdYJ8O4qHbmTnNEsjFcDmk/gVNDwhoL2gN5pkPVq0lwQ==",
        "dependencies": {
          "Microsoft.IdentityModel.Logging": "6.24.0",
          "Microsoft.IdentityModel.Tokens": "6.24.0"
        }
      },
      "Microsoft.IdentityModel.Protocols.OpenIdConnect": {
        "type": "Transitive",
        "resolved": "6.24.0",
        "contentHash": "a/2RRrc8C9qaw8qdD9hv1ES9YKFgxaqr/SnwMSLbwQZJSUQDd4qx1K4EYgWaQWs73R+VXLyKSxN0f/uE9CsBiQ==",
        "dependencies": {
          "Microsoft.IdentityModel.Protocols": "6.24.0",
          "System.IdentityModel.Tokens.Jwt": "6.24.0"
        }
      },
      "Microsoft.IdentityModel.Tokens": {
        "type": "Transitive",
        "resolved": "6.24.0",
        "contentHash": "ZPqHi86UYuqJXJ7bLnlEctHKkPKT4lGUFbotoCNiXNCSL02emYlcxzGYsRGWWmbFEcYDMi2dcTLLYNzHqWOTsw==",
        "dependencies": {
          "Microsoft.CSharp": "4.5.0",
          "Microsoft.IdentityModel.Logging": "6.24.0",
          "System.Security.Cryptography.Cng": "4.5.0"
        }
      },
      "Microsoft.IdentityModel.Validators": {
        "type": "Transitive",
        "resolved": "6.16.0",
        "contentHash": "nuWSLxEjdzdoj4xEWDZYHxiZTwPoeQzNv+/AwO/aLpmJp+Lkbsp1/WiOKjn2S9RS0Lvehm/p+HcVQCw8OHIt9w==",
        "dependencies": {
          "Microsoft.IdentityModel.Protocols": "6.16.0",
          "Microsoft.IdentityModel.Protocols.OpenIdConnect": "6.16.0",
          "System.IdentityModel.Tokens.Jwt": "6.16.0"
        }
      },
      "Microsoft.NETCore.Platforms": {
        "type": "Transitive",
        "resolved": "5.0.0",
        "contentHash": "VyPlqzH2wavqquTcYpkIIAQ6WdenuKoFN0BdYBbCWsclXacSOHNQn66Gt4z5NBqEYW0FAPm5rlvki9ZiCij5xQ=="
      },
      "Microsoft.NETCore.Targets": {
        "type": "Transitive",
        "resolved": "1.1.0",
        "contentHash": "aOZA3BWfz9RXjpzt0sRJJMjAscAUm3Hoa4UWAfceV9UTYxgwZ1lZt5nO2myFf+/jetYQo4uTP7zS8sJY67BBxg=="
      },
      "Microsoft.OpenApi": {
        "type": "Transitive",
        "resolved": "1.2.3",
        "contentHash": "Nug3rO+7Kl5/SBAadzSMAVgqDlfGjJZ0GenQrLywJ84XGKO0uRqkunz5Wyl0SDwcR71bAATXvSdbdzPrYRYKGw=="
      },
      "Microsoft.SqlServer.Server": {
        "type": "Transitive",
        "resolved": "1.0.0",
        "contentHash": "N4KeF3cpcm1PUHym1RmakkzfkEv3GRMyofVv40uXsQhCQeglr2OHNcUk2WOG51AKpGO8ynGpo9M/kFXSzghwug=="
      },
      "Microsoft.Win32.Registry": {
        "type": "Transitive",
        "resolved": "5.0.0",
        "contentHash": "dDoKi0PnDz31yAyETfRntsLArTlVAVzUzCIvvEDsDsucrl33Dl8pIJG06ePTJTI3tGpeyHS9Cq7Foc/s4EeKcg==",
        "dependencies": {
          "System.Security.AccessControl": "5.0.0",
          "System.Security.Principal.Windows": "5.0.0"
        }
      },
      "Microsoft.Win32.SystemEvents": {
        "type": "Transitive",
        "resolved": "5.0.0",
        "contentHash": "Bh6blKG8VAKvXiLe2L+sEsn62nc1Ij34MrNxepD2OCrS5cpCwQa9MeLyhVQPQ/R4Wlzwuy6wMK8hLb11QPDRsQ==",
        "dependencies": {
          "Microsoft.NETCore.Platforms": "5.0.0"
        }
      },
      "Newtonsoft.Json.Bson": {
        "type": "Transitive",
        "resolved": "1.0.2",
        "contentHash": "QYFyxhaABwmq3p/21VrZNYvCg3DaEoN/wUuw5nmfAf0X3HLjgupwhkEWdgfb9nvGAUIv3osmZoD3kKl4jxEmYQ==",
        "dependencies": {
          "Newtonsoft.Json": "12.0.1"
        }
      },
      "Serilog.Extensions.Hosting": {
        "type": "Transitive",
        "resolved": "8.0.0",
        "contentHash": "db0OcbWeSCvYQkHWu6n0v40N4kKaTAXNjlM3BKvcbwvNzYphQFcBR+36eQ/7hMMwOkJvAyLC2a9/jNdUL5NjtQ==",
        "dependencies": {
          "Microsoft.Extensions.DependencyInjection.Abstractions": "8.0.0",
          "Microsoft.Extensions.Hosting.Abstractions": "8.0.0",
          "Microsoft.Extensions.Logging.Abstractions": "8.0.0",
          "Serilog": "3.1.1",
          "Serilog.Extensions.Logging": "8.0.0"
        }
      },
      "Serilog.Extensions.Logging": {
        "type": "Transitive",
        "resolved": "8.0.0",
        "contentHash": "YEAMWu1UnWgf1c1KP85l1SgXGfiVo0Rz6x08pCiPOIBt2Qe18tcZLvdBUuV5o1QHvrs8FAry9wTIhgBRtjIlEg==",
        "dependencies": {
          "Microsoft.Extensions.Logging": "8.0.0",
          "Serilog": "3.1.1"
        }
      },
      "Serilog.Settings.Configuration": {
        "type": "Transitive",
        "resolved": "8.0.0",
        "contentHash": "nR0iL5HwKj5v6ULo3/zpP8NMcq9E2pxYA6XKTSWCbugVs4YqPyvaqaKOY+OMpPivKp7zMEpax2UKHnDodbRB0Q==",
        "dependencies": {
          "Microsoft.Extensions.Configuration.Binder": "8.0.0",
          "Microsoft.Extensions.DependencyModel": "8.0.0",
          "Serilog": "3.1.1"
        }
      },
      "Serilog.Sinks.Debug": {
        "type": "Transitive",
        "resolved": "2.0.0",
        "contentHash": "Y6g3OBJ4JzTyyw16fDqtFcQ41qQAydnEvEqmXjhwhgjsnG/FaJ8GUqF5ldsC/bVkK8KYmqrPhDO+tm4dF6xx4A==",
        "dependencies": {
          "Serilog": "2.10.0"
        }
      },
      "Swashbuckle.AspNetCore.Swagger": {
        "type": "Transitive",
        "resolved": "6.3.0",
        "contentHash": "+taHh7kowNF+tQo9a82avwDtfqhAC82jTZTqZwypDpauPvwavyVtJ7+ERxE+yDb6U/nOcMicMmDAGbqbJ2Pc+Q==",
        "dependencies": {
          "Microsoft.OpenApi": "1.2.3"
        }
      },
      "Swashbuckle.AspNetCore.SwaggerGen": {
        "type": "Transitive",
        "resolved": "6.3.0",
        "contentHash": "8PRLtqCXTIfc+W/pcyab8GqHzHuFRZ3L+9/fix/ssVknwy/pbgkOqgzq9DGWfKz+MZReIp5ajZLR7bXioDdacQ==",
        "dependencies": {
          "Swashbuckle.AspNetCore.Swagger": "6.3.0"
        }
      },
      "Swashbuckle.AspNetCore.SwaggerUI": {
        "type": "Transitive",
        "resolved": "6.3.0",
        "contentHash": "OmVLGzyeNBFUAx6E/bqrZW4uxfv9q2MtegYzeHv5Dj8N34ry8104d6OcyRIV4BhwHBSFD1rMvDlPciguFMtQ5w=="
      },
      "System.Collections": {
        "type": "Transitive",
        "resolved": "4.3.0",
        "contentHash": "3Dcj85/TBdVpL5Zr+gEEBUuFe2icOnLalmEh9hfck1PTYbbyWuZgh4fmm2ysCLTrqLQw6t3TgTyJ+VLp+Qb+Lw==",
        "dependencies": {
          "Microsoft.NETCore.Platforms": "1.1.0",
          "Microsoft.NETCore.Targets": "1.1.0",
          "System.Runtime": "4.3.0"
        }
      },
      "System.Configuration.ConfigurationManager": {
        "type": "Transitive",
        "resolved": "8.0.0",
        "contentHash": "JlYi9XVvIREURRUlGMr1F6vOFLk7YSY4p1vHo4kX3tQ0AGrjqlRWHDi66ImHhy6qwXBG3BJ6Y1QlYQ+Qz6Xgww==",
        "dependencies": {
          "System.Diagnostics.EventLog": "8.0.0",
          "System.Security.Cryptography.ProtectedData": "8.0.0"
        }
      },
      "System.Diagnostics.DiagnosticSource": {
        "type": "Transitive",
        "resolved": "8.0.0",
        "contentHash": "c9xLpVz6PL9lp/djOWtk5KPDZq3cSYpmXoJQY524EOtuFl5z9ZtsotpsyrDW40U1DRnQSYvcPKEUV0X//u6gkQ=="
      },
      "System.Diagnostics.EventLog": {
        "type": "Transitive",
        "resolved": "8.0.0",
        "contentHash": "fdYxcRjQqTTacKId/2IECojlDSFvp7LP5N78+0z/xH7v/Tuw5ZAxu23Y6PTCRinqyu2ePx+Gn1098NC6jM6d+A=="
      },
      "System.DirectoryServices": {
        "type": "Transitive",
        "resolved": "8.0.0",
        "contentHash": "7nit//efUTy1OsAKco2f02PMrwsR2S234N0dVVp84udC77YcvpOQDz5znAWMtgMWBzY1aRJvUW61jo/7vQRfXg=="
      },
      "System.DirectoryServices.Protocols": {
        "type": "Transitive",
        "resolved": "8.0.0",
        "contentHash": "puwJxURHDrYLGTQdsHyeMS72ClTqYa4lDYz6LHSbkZEk5hq8H8JfsO4MyYhB5BMMxg93jsQzLUwrnCumj11UIg=="
      },
      "System.Drawing.Common": {
        "type": "Transitive",
        "resolved": "5.0.0",
        "contentHash": "SztFwAnpfKC8+sEKXAFxCBWhKQaEd97EiOL7oZJZP56zbqnLpmxACWA8aGseaUExciuEAUuR9dY8f7HkTRAdnw==",
        "dependencies": {
          "Microsoft.Win32.SystemEvents": "5.0.0"
        }
      },
      "System.Formats.Asn1": {
        "type": "Transitive",
        "resolved": "5.0.0",
        "contentHash": "MTvUIktmemNB+El0Fgw9egyqT9AYSIk6DTJeoDSpc3GIHxHCMo8COqkWT1mptX5tZ1SlQ6HJZ0OsSvMth1c12w=="
      },
      "System.Globalization": {
        "type": "Transitive",
        "resolved": "4.3.0",
        "contentHash": "kYdVd2f2PAdFGblzFswE4hkNANJBKRmsfa2X5LG2AcWE1c7/4t0pYae1L8vfZ5xvE2nK/R9JprtToA61OSHWIg==",
        "dependencies": {
          "Microsoft.NETCore.Platforms": "1.1.0",
          "Microsoft.NETCore.Targets": "1.1.0",
          "System.Runtime": "4.3.0"
        }
      },
      "System.IdentityModel.Tokens.Jwt": {
        "type": "Transitive",
        "resolved": "6.24.0",
        "contentHash": "Qibsj9MPWq8S/C0FgvmsLfIlHLE7ay0MJIaAmK94ivN3VyDdglqReed5qMvdQhSL0BzK6v0Z1wB/sD88zVu6Jw==",
        "dependencies": {
          "Microsoft.IdentityModel.JsonWebTokens": "6.24.0",
          "Microsoft.IdentityModel.Tokens": "6.24.0"
        }
      },
      "System.IO": {
        "type": "Transitive",
        "resolved": "4.3.0",
        "contentHash": "3qjaHvxQPDpSOYICjUoTsmoq5u6QJAFRUITgeT/4gqkF1bajbSmb1kwSxEA8AHlofqgcKJcM8udgieRNhaJ5Cg==",
        "dependencies": {
          "Microsoft.NETCore.Platforms": "1.1.0",
          "Microsoft.NETCore.Targets": "1.1.0",
          "System.Runtime": "4.3.0",
          "System.Text.Encoding": "4.3.0",
          "System.Threading.Tasks": "4.3.0"
        }
      },
      "System.IO.Pipelines": {
        "type": "Transitive",
        "resolved": "8.0.0",
        "contentHash": "FHNOatmUq0sqJOkTx+UF/9YK1f180cnW5FVqnQMvYUN0elp6wFzbtPSiqbo1/ru8ICp43JM1i7kKkk6GsNGHlA=="
      },
      "System.Memory": {
        "type": "Transitive",
        "resolved": "4.5.4",
        "contentHash": "1MbJTHS1lZ4bS4FmsJjnuGJOu88ZzTT2rLvrhW7Ygic+pC0NWA+3hgAen0HRdsocuQXCkUTdFn9yHJJhsijDXw=="
      },
      "System.Memory.Data": {
        "type": "Transitive",
        "resolved": "1.0.2",
        "contentHash": "JGkzeqgBsiZwKJZ1IxPNsDFZDhUvuEdX8L8BDC8N3KOj+6zMcNU28CNN59TpZE/VJYy9cP+5M+sbxtWJx3/xtw==",
        "dependencies": {
          "System.Text.Encodings.Web": "4.7.2",
          "System.Text.Json": "4.6.0"
        }
      },
      "System.Numerics.Vectors": {
        "type": "Transitive",
        "resolved": "4.5.0",
        "contentHash": "QQTlPTl06J/iiDbJCiepZ4H//BVraReU4O4EoRw1U02H5TLUIT7xn3GnDp9AXPSlJUDyFs4uWjWafNX6WrAojQ=="
      },
      "System.Reflection": {
        "type": "Transitive",
        "resolved": "4.3.0",
        "contentHash": "KMiAFoW7MfJGa9nDFNcfu+FpEdiHpWgTcS2HdMpDvt9saK3y/G4GwprPyzqjFH9NTaGPQeWNHU+iDlDILj96aQ==",
        "dependencies": {
          "Microsoft.NETCore.Platforms": "1.1.0",
          "Microsoft.NETCore.Targets": "1.1.0",
          "System.IO": "4.3.0",
          "System.Reflection.Primitives": "4.3.0",
          "System.Runtime": "4.3.0"
        }
      },
      "System.Reflection.Primitives": {
        "type": "Transitive",
        "resolved": "4.3.0",
        "contentHash": "5RXItQz5As4xN2/YUDxdpsEkMhvw3e6aNveFXUn4Hl/udNTCNhnKp8lT9fnc3MhvGKh1baak5CovpuQUXHAlIA==",
        "dependencies": {
          "Microsoft.NETCore.Platforms": "1.1.0",
          "Microsoft.NETCore.Targets": "1.1.0",
          "System.Runtime": "4.3.0"
        }
      },
      "System.Resources.ResourceManager": {
        "type": "Transitive",
        "resolved": "4.3.0",
        "contentHash": "/zrcPkkWdZmI4F92gL/TPumP98AVDu/Wxr3CSJGQQ+XN6wbRZcyfSKVoPo17ilb3iOr0cCRqJInGwNMolqhS8A==",
        "dependencies": {
          "Microsoft.NETCore.Platforms": "1.1.0",
          "Microsoft.NETCore.Targets": "1.1.0",
          "System.Globalization": "4.3.0",
          "System.Reflection": "4.3.0",
          "System.Runtime": "4.3.0"
        }
      },
      "System.Runtime": {
        "type": "Transitive",
        "resolved": "4.3.0",
        "contentHash": "JufQi0vPQ0xGnAczR13AUFglDyVYt4Kqnz1AZaiKZ5+GICq0/1MH/mO/eAJHt/mHW1zjKBJd7kV26SrxddAhiw==",
        "dependencies": {
          "Microsoft.NETCore.Platforms": "1.1.0",
          "Microsoft.NETCore.Targets": "1.1.0"
        }
      },
      "System.Runtime.Caching": {
        "type": "Transitive",
        "resolved": "6.0.0",
        "contentHash": "E0e03kUp5X2k+UAoVl6efmI7uU7JRBWi5EIdlQ7cr0NpBGjHG4fWII35PgsBY9T4fJQ8E4QPsL0rKksU9gcL5A==",
        "dependencies": {
          "System.Configuration.ConfigurationManager": "6.0.0"
        }
      },
      "System.Runtime.CompilerServices.Unsafe": {
        "type": "Transitive",
        "resolved": "6.0.0",
        "contentHash": "/iUeP3tq1S0XdNNoMz5C9twLSrM/TH+qElHkXWaPvuNOt+99G75NrV0OS2EqHx5wMN7popYjpc8oTjC1y16DLg=="
      },
      "System.Runtime.Extensions": {
        "type": "Transitive",
        "resolved": "4.3.0",
        "contentHash": "guW0uK0fn5fcJJ1tJVXYd7/1h5F+pea1r7FLSOz/f8vPEqbR2ZAknuRDvTQ8PzAilDveOxNjSfr0CHfIQfFk8g==",
        "dependencies": {
          "Microsoft.NETCore.Platforms": "1.1.0",
          "Microsoft.NETCore.Targets": "1.1.0",
          "System.Runtime": "4.3.0"
        }
      },
      "System.Security.AccessControl": {
        "type": "Transitive",
        "resolved": "5.0.0",
        "contentHash": "dagJ1mHZO3Ani8GH0PHpPEe/oYO+rVdbQjvjJkBRNQkX4t0r1iaeGn8+/ybkSLEan3/slM0t59SVdHzuHf2jmw==",
        "dependencies": {
          "Microsoft.NETCore.Platforms": "5.0.0",
          "System.Security.Principal.Windows": "5.0.0"
        }
      },
      "System.Security.Claims": {
        "type": "Transitive",
        "resolved": "4.3.0",
        "contentHash": "P/+BR/2lnc4PNDHt/TPBAWHVMLMRHsyYZbU1NphW4HIWzCggz8mJbTQQ3MKljFE7LS3WagmVFuBgoLcFzYXlkA==",
        "dependencies": {
          "System.Collections": "4.3.0",
          "System.Globalization": "4.3.0",
          "System.IO": "4.3.0",
          "System.Resources.ResourceManager": "4.3.0",
          "System.Runtime": "4.3.0",
          "System.Runtime.Extensions": "4.3.0",
          "System.Security.Principal": "4.3.0"
        }
      },
      "System.Security.Cryptography.Cng": {
        "type": "Transitive",
        "resolved": "5.0.0",
        "contentHash": "jIMXsKn94T9JY7PvPq/tMfqa6GAaHpElRDpmG+SuL+D3+sTw2M8VhnibKnN8Tq+4JqbPJ/f+BwtLeDMEnzAvRg==",
        "dependencies": {
          "System.Formats.Asn1": "5.0.0"
        }
      },
      "System.Security.Cryptography.Pkcs": {
        "type": "Transitive",
        "resolved": "5.0.0",
        "contentHash": "9TPLGjBCGKmNvG8pjwPeuYy0SMVmGZRwlTZvyPHDbYv/DRkoeumJdfumaaDNQzVGMEmbWtg07zUpSW9q70IlDQ==",
        "dependencies": {
          "System.Formats.Asn1": "5.0.0",
          "System.Security.Cryptography.Cng": "5.0.0"
        }
      },
      "System.Security.Cryptography.ProtectedData": {
        "type": "Transitive",
        "resolved": "8.0.0",
        "contentHash": "+TUFINV2q2ifyXauQXRwy4CiBhqvDEDZeVJU7qfxya4aRYOKzVBpN+4acx25VcPB9ywUN6C0n8drWl110PhZEg=="
      },
      "System.Security.Cryptography.Xml": {
        "type": "Transitive",
        "resolved": "5.0.0",
        "contentHash": "MYmkHtCW+paFmPGFDktnLdOeH3zUrNchbZNki87E1ejNSMm9enSRbJokmvFrsWUrDE4bRE1lVeAle01+t6SGhA==",
        "dependencies": {
          "System.Security.Cryptography.Pkcs": "5.0.0",
          "System.Security.Permissions": "5.0.0"
        }
      },
      "System.Security.Permissions": {
        "type": "Transitive",
        "resolved": "5.0.0",
        "contentHash": "uE8juAhEkp7KDBCdjDIE3H9R1HJuEHqeqX8nLX9gmYKWwsqk3T5qZlPx8qle5DPKimC/Fy3AFTdV7HamgCh9qQ==",
        "dependencies": {
          "System.Security.AccessControl": "5.0.0",
          "System.Windows.Extensions": "5.0.0"
        }
      },
      "System.Security.Principal": {
        "type": "Transitive",
        "resolved": "4.3.0",
        "contentHash": "I1tkfQlAoMM2URscUtpcRo/hX0jinXx6a/KUtEQoz3owaYwl3qwsO8cbzYVVnjxrzxjHo3nJC+62uolgeGIS9A==",
        "dependencies": {
          "System.Runtime": "4.3.0"
        }
      },
      "System.Security.Principal.Windows": {
        "type": "Transitive",
        "resolved": "5.0.0",
        "contentHash": "t0MGLukB5WAVU9bO3MGzvlGnyJPgUlcwerXn1kzBRjwLKixT96XV0Uza41W49gVd8zEMFu9vQEFlv0IOrytICA=="
      },
      "System.Text.Encoding": {
        "type": "Transitive",
        "resolved": "4.3.0",
        "contentHash": "BiIg+KWaSDOITze6jGQynxg64naAPtqGHBwDrLaCtixsa5bKiR8dpPOHA7ge3C0JJQizJE+sfkz1wV+BAKAYZw==",
        "dependencies": {
          "Microsoft.NETCore.Platforms": "1.1.0",
          "Microsoft.NETCore.Targets": "1.1.0",
          "System.Runtime": "4.3.0"
        }
      },
      "System.Text.Encoding.CodePages": {
        "type": "Transitive",
        "resolved": "6.0.0",
        "contentHash": "ZFCILZuOvtKPauZ/j/swhvw68ZRi9ATCfvGbk1QfydmcXBkIWecWKn/250UH7rahZ5OoDBaiAudJtPvLwzw85A==",
        "dependencies": {
          "System.Runtime.CompilerServices.Unsafe": "6.0.0"
        }
      },
      "System.Text.Encodings.Web": {
        "type": "Transitive",
        "resolved": "8.0.0",
        "contentHash": "yev/k9GHAEGx2Rg3/tU6MQh4HGBXJs70y7j1LaM1i/ER9po+6nnQ6RRqTJn1E7Xu0fbIFK80Nh5EoODxrbxwBQ=="
      },
      "System.Text.Json": {
        "type": "Transitive",
        "resolved": "8.0.0",
        "contentHash": "OdrZO2WjkiEG6ajEFRABTRCi/wuXQPxeV6g8xvUJqdxMvvuCCEk86zPla8UiIQJz3durtUEbNyY/3lIhS0yZvQ==",
        "dependencies": {
          "System.Text.Encodings.Web": "8.0.0"
        }
      },
      "System.Threading.Tasks": {
        "type": "Transitive",
        "resolved": "4.3.0",
        "contentHash": "LbSxKEdOUhVe8BezB/9uOGGppt+nZf6e1VFyw6v3DN6lqitm0OSn2uXMOdtP0M3W4iMcqcivm2J6UgqiwwnXiA==",
        "dependencies": {
          "Microsoft.NETCore.Platforms": "1.1.0",
          "Microsoft.NETCore.Targets": "1.1.0",
          "System.Runtime": "4.3.0"
        }
      },
      "System.Threading.Tasks.Extensions": {
        "type": "Transitive",
        "resolved": "4.5.4",
        "contentHash": "zteT+G8xuGu6mS+mzDzYXbzS7rd3K6Fjb9RiZlYlJPam2/hU7JCBZBVEcywNuR+oZ1ncTvc/cq0faRr3P01OVg=="
      },
      "System.Windows.Extensions": {
        "type": "Transitive",
        "resolved": "5.0.0",
        "contentHash": "c1ho9WU9ZxMZawML+ssPKZfdnrg/OjR3pe0m9v8230z3acqphwvPJqzAkH54xRYm5ntZHGG1EPP3sux9H3qSPg==",
        "dependencies": {
          "System.Drawing.Common": "5.0.0"
        }
      }
    }
  }
}